// !$*UTF8*$!
{
	archiveVersion = 1;
	classes = {
	};
	objectVersion = 46;
	objects = {

/* Begin PBXBuildFile section */
		2C6181E61D28478900F64B70 /* AppDelegate.swift in Sources */ = {isa = PBXBuildFile; fileRef = 2C6181E51D28478900F64B70 /* AppDelegate.swift */; };
		2C6181E81D28478900F64B70 /* FaceViewController.swift in Sources */ = {isa = PBXBuildFile; fileRef = 2C6181E71D28478900F64B70 /* FaceViewController.swift */; };
		2C6181EB1D28478A00F64B70 /* Main.storyboard in Resources */ = {isa = PBXBuildFile; fileRef = 2C6181E91D28478A00F64B70 /* Main.storyboard */; };
		2C6181ED1D28478A00F64B70 /* Assets.xcassets in Resources */ = {isa = PBXBuildFile; fileRef = 2C6181EC1D28478A00F64B70 /* Assets.xcassets */; };
		2C6181F01D28478A00F64B70 /* LaunchScreen.storyboard in Resources */ = {isa = PBXBuildFile; fileRef = 2C6181EE1D28478A00F64B70 /* LaunchScreen.storyboard */; };
		2C6181F91D2848F700F64B70 /* FaceView.swift in Sources */ = {isa = PBXBuildFile; fileRef = 2C6181F81D2848F700F64B70 /* FaceView.swift */; };
		2C6181FB1D29BF9700F64B70 /* FacialExpression.swift in Sources */ = {isa = PBXBuildFile; fileRef = 2C6181FA1D29BF9700F64B70 /* FacialExpression.swift */; };
		2C7655DA1DA19D7700C92F2B /* BlinkingFaceViewController.swift in Sources */ = {isa = PBXBuildFile; fileRef = 2C7655D91DA19D7700C92F2B /* BlinkingFaceViewController.swift */; };
		6E5A49801D350F7F00958FCF /* ContentViewController.swift in Sources */ = {isa = PBXBuildFile; fileRef = 6E5A497F1D350F7F00958FCF /* ContentViewController.swift */; };
		6E5F16801D2A84E400901011 /* EmotionsViewController.swift in Sources */ = {isa = PBXBuildFile; fileRef = 6E5F167F1D2A84E400901011 /* EmotionsViewController.swift */; };
		6E5F16821D2A9C3200901011 /* VCL.swift in Sources */ = {isa = PBXBuildFile; fileRef = 6E5F16811D2A9C3200901011 /* VCL.swift */; };
/* End PBXBuildFile section */

/* Begin PBXFileReference section */
		2C6181E21D28478900F64B70 /* FaceIt.app */ = {isa = PBXFileReference; explicitFileType = wrapper.application; includeInIndex = 0; path = FaceIt.app; sourceTree = BUILT_PRODUCTS_DIR; };
		2C6181E51D28478900F64B70 /* AppDelegate.swift */ = {isa = PBXFileReference; lastKnownFileType = sourcecode.swift; path = AppDelegate.swift; sourceTree = "<group>"; };
		2C6181E71D28478900F64B70 /* FaceViewController.swift */ = {isa = PBXFileReference; lastKnownFileType = sourcecode.swift; path = FaceViewController.swift; sourceTree = "<group>"; };
		2C6181EA1D28478A00F64B70 /* Base */ = {isa = PBXFileReference; lastKnownFileType = file.storyboard; name = Base; path = Base.lproj/Main.storyboard; sourceTree = "<group>"; };
		2C6181EC1D28478A00F64B70 /* Assets.xcassets */ = {isa = PBXFileReference; lastKnownFileType = folder.assetcatalog; path = Assets.xcassets; sourceTree = "<group>"; };
		2C6181EF1D28478A00F64B70 /* Base */ = {isa = PBXFileReference; lastKnownFileType = file.storyboard; name = Base; path = Base.lproj/LaunchScreen.storyboard; sourceTree = "<group>"; };
		2C6181F11D28478A00F64B70 /* Info.plist */ = {isa = PBXFileReference; lastKnownFileType = text.plist.xml; path = Info.plist; sourceTree = "<group>"; };
		2C6181F81D2848F700F64B70 /* FaceView.swift */ = {isa = PBXFileReference; fileEncoding = 4; lastKnownFileType = sourcecode.swift; path = FaceView.swift; sourceTree = "<group>"; };
		2C6181FA1D29BF9700F64B70 /* FacialExpression.swift */ = {isa = PBXFileReference; fileEncoding = 4; lastKnownFileType = sourcecode.swift; path = FacialExpression.swift; sourceTree = "<group>"; };
		2C7655D91DA19D7700C92F2B /* BlinkingFaceViewController.swift */ = {isa = PBXFileReference; fileEncoding = 4; lastKnownFileType = sourcecode.swift; path = BlinkingFaceViewController.swift; sourceTree = "<group>"; };
		6E5A497F1D350F7F00958FCF /* ContentViewController.swift */ = {isa = PBXFileReference; fileEncoding = 4; lastKnownFileType = sourcecode.swift; path = ContentViewController.swift; sourceTree = "<group>"; };
		6E5F167F1D2A84E400901011 /* EmotionsViewController.swift */ = {isa = PBXFileReference; fileEncoding = 4; lastKnownFileType = sourcecode.swift; path = EmotionsViewController.swift; sourceTree = "<group>"; };
		6E5F16811D2A9C3200901011 /* VCL.swift */ = {isa = PBXFileReference; fileEncoding = 4; lastKnownFileType = sourcecode.swift; path = VCL.swift; sourceTree = "<group>"; };
/* End PBXFileReference section */

/* Begin PBXFrameworksBuildPhase section */
		2C6181DF1D28478900F64B70 /* Frameworks */ = {
			isa = PBXFrameworksBuildPhase;
			buildActionMask = 2147483647;
			files = (
			);
			runOnlyForDeploymentPostprocessing = 0;
		};
/* End PBXFrameworksBuildPhase section */

/* Begin PBXGroup section */
		2C6181D91D28478900F64B70 = {
			isa = PBXGroup;
			children = (
				2C6181E41D28478900F64B70 /* FaceIt */,
				2C6181E31D28478900F64B70 /* Products */,
			);
			sourceTree = "<group>";
		};
		2C6181E31D28478900F64B70 /* Products */ = {
			isa = PBXGroup;
			children = (
				2C6181E21D28478900F64B70 /* FaceIt.app */,
			);
			name = Products;
			sourceTree = "<group>";
		};
		2C6181E41D28478900F64B70 /* FaceIt */ = {
			isa = PBXGroup;
			children = (
				6E5F16811D2A9C3200901011 /* VCL.swift */,
				2C6181E71D28478900F64B70 /* FaceViewController.swift */,
				2C6181FA1D29BF9700F64B70 /* FacialExpression.swift */,
				2C6181E91D28478A00F64B70 /* Main.storyboard */,
				6E5F167F1D2A84E400901011 /* EmotionsViewController.swift */,
				6E5A497F1D350F7F00958FCF /* ContentViewController.swift */,
				2C6181F81D2848F700F64B70 /* FaceView.swift */,
				2C6181F71D2847A800F64B70 /* Supporting Files */,
				2C7655D91DA19D7700C92F2B /* BlinkingFaceViewController.swift */,
			);
			path = FaceIt;
			sourceTree = "<group>";
		};
		2C6181F71D2847A800F64B70 /* Supporting Files */ = {
			isa = PBXGroup;
			children = (
				2C6181E51D28478900F64B70 /* AppDelegate.swift */,
				2C6181EC1D28478A00F64B70 /* Assets.xcassets */,
				2C6181EE1D28478A00F64B70 /* LaunchScreen.storyboard */,
				2C6181F11D28478A00F64B70 /* Info.plist */,
			);
			name = "Supporting Files";
			sourceTree = "<group>";
		};
/* End PBXGroup section */

/* Begin PBXNativeTarget section */
		2C6181E11D28478900F64B70 /* FaceIt */ = {
			isa = PBXNativeTarget;
			buildConfigurationList = 2C6181F41D28478A00F64B70 /* Build configuration list for PBXNativeTarget "FaceIt" */;
			buildPhases = (
				2C6181DE1D28478900F64B70 /* Sources */,
				2C6181DF1D28478900F64B70 /* Frameworks */,
				2C6181E01D28478900F64B70 /* Resources */,
			);
			buildRules = (
			);
			dependencies = (
			);
			name = FaceIt;
			productName = FaceIt;
			productReference = 2C6181E21D28478900F64B70 /* FaceIt.app */;
			productType = "com.apple.product-type.application";
		};
/* End PBXNativeTarget section */

/* Begin PBXProject section */
		2C6181DA1D28478900F64B70 /* Project object */ = {
			isa = PBXProject;
			attributes = {
				LastSwiftUpdateCheck = 0730;
				LastUpgradeCheck = 0730;
				ORGANIZATIONNAME = Ivan;
				TargetAttributes = {
					2C6181E11D28478900F64B70 = {
						CreatedOnToolsVersion = 7.3.1;
						LastSwiftMigration = 0800;
					};
				};
			};
			buildConfigurationList = 2C6181DD1D28478900F64B70 /* Build configuration list for PBXProject "FaceIt" */;
			compatibilityVersion = "Xcode 3.2";
			developmentRegion = English;
			hasScannedForEncodings = 0;
			knownRegions = (
				en,
				Base,
			);
			mainGroup = 2C6181D91D28478900F64B70;
			productRefGroup = 2C6181E31D28478900F64B70 /* Products */;
			projectDirPath = "";
			projectRoot = "";
			targets = (
				2C6181E11D28478900F64B70 /* FaceIt */,
			);
		};
/* End PBXProject section */

/* Begin PBXResourcesBuildPhase section */
		2C6181E01D28478900F64B70 /* Resources */ = {
			isa = PBXResourcesBuildPhase;
			buildActionMask = 2147483647;
			files = (
				2C6181F01D28478A00F64B70 /* LaunchScreen.storyboard in Resources */,
				2C6181ED1D28478A00F64B70 /* Assets.xcassets in Resources */,
				2C6181EB1D28478A00F64B70 /* Main.storyboard in Resources */,
			);
			runOnlyForDeploymentPostprocessing = 0;
		};
/* End PBXResourcesBuildPhase section */

/* Begin PBXSourcesBuildPhase section */
		2C6181DE1D28478900F64B70 /* Sources */ = {
			isa = PBXSourcesBuildPhase;
			buildActionMask = 2147483647;
			files = (
				2C6181E81D28478900F64B70 /* FaceViewController.swift in Sources */,
				2C6181FB1D29BF9700F64B70 /* FacialExpression.swift in Sources */,
				6E5F16801D2A84E400901011 /* EmotionsViewController.swift in Sources */,
				6E5F16821D2A9C3200901011 /* VCL.swift in Sources */,
				2C6181E61D28478900F64B70 /* AppDelegate.swift in Sources */,
				2C6181F91D2848F700F64B70 /* FaceView.swift in Sources */,
				2C7655DA1DA19D7700C92F2B /* BlinkingFaceViewController.swift in Sources */,
				6E5A49801D350F7F00958FCF /* ContentViewController.swift in Sources */,
			);
			runOnlyForDeploymentPostprocessing = 0;
		};
/* End PBXSourcesBuildPhase section */

/* Begin PBXVariantGroup section */
		2C6181E91D28478A00F64B70 /* Main.storyboard */ = {
			isa = PBXVariantGroup;
			children = (
				2C6181EA1D28478A00F64B70 /* Base */,
			);
			name = Main.storyboard;
			sourceTree = "<group>";
		};
		2C6181EE1D28478A00F64B70 /* LaunchScreen.storyboard */ = {
			isa = PBXVariantGroup;
			children = (
				2C6181EF1D28478A00F64B70 /* Base */,
			);
			name = LaunchScreen.storyboard;
			sourceTree = "<group>";
		};
/* End PBXVariantGroup section */

/* Begin XCBuildConfiguration section */
		2C6181F21D28478A00F64B70 /* Debug */ = {
			isa = XCBuildConfiguration;
			buildSettings = {
				ALWAYS_SEARCH_USER_PATHS = NO;
				CLANG_ANALYZER_NONNULL = YES;
				CLANG_CXX_LANGUAGE_STANDARD = "gnu++0x";
				CLANG_CXX_LIBRARY = "libc++";
				CLANG_ENABLE_MODULES = YES;
				CLANG_ENABLE_OBJC_ARC = YES;
				CLANG_WARN_BOOL_CONVERSION = YES;
				CLANG_WARN_CONSTANT_CONVERSION = YES;
				CLANG_WARN_DIRECT_OBJC_ISA_USAGE = YES_ERROR;
				CLANG_WARN_EMPTY_BODY = YES;
				CLANG_WARN_ENUM_CONVERSION = YES;
				CLANG_WARN_INT_CONVERSION = YES;
				CLANG_WARN_OBJC_ROOT_CLASS = YES_ERROR;
				CLANG_WARN_UNREACHABLE_CODE = YES;
				CLANG_WARN__DUPLICATE_METHOD_MATCH = YES;
				"CODE_SIGN_IDENTITY[sdk=iphoneos*]" = "iPhone Developer";
				COPY_PHASE_STRIP = NO;
				DEBUG_INFORMATION_FORMAT = dwarf;
				ENABLE_STRICT_OBJC_MSGSEND = YES;
				ENABLE_TESTABILITY = YES;
				GCC_C_LANGUAGE_STANDARD = gnu99;
				GCC_DYNAMIC_NO_PIC = NO;
				GCC_NO_COMMON_BLOCKS = YES;
				GCC_OPTIMIZATION_LEVEL = 0;
				GCC_PREPROCESSOR_DEFINITIONS = (
					"DEBUG=1",
					"$(inherited)",
				);
				GCC_WARN_64_TO_32_BIT_CONVERSION = YES;
				GCC_WARN_ABOUT_RETURN_TYPE = YES_ERROR;
				GCC_WARN_UNDECLARED_SELECTOR = YES;
				GCC_WARN_UNINITIALIZED_AUTOS = YES_AGGRESSIVE;
				GCC_WARN_UNUSED_FUNCTION = YES;
				GCC_WARN_UNUSED_VARIABLE = YES;
				IPHONEOS_DEPLOYMENT_TARGET = 9.3;
				MTL_ENABLE_DEBUG_INFO = YES;
				ONLY_ACTIVE_ARCH = YES;
				SDKROOT = iphoneos;
				SWIFT_OPTIMIZATION_LEVEL = "-Onone";
				TARGETED_DEVICE_FAMILY = "1,2";
			};
			name = Debug;
		};
		2C6181F31D28478A00F64B70 /* Release */ = {
			isa = XCBuildConfiguration;
			buildSettings = {
				ALWAYS_SEARCH_USER_PATHS = NO;
				CLANG_ANALYZER_NONNULL = YES;
				CLANG_CXX_LANGUAGE_STANDARD = "gnu++0x";
				CLANG_CXX_LIBRARY = "libc++";
				CLANG_ENABLE_MODULES = YES;
				CLANG_ENABLE_OBJC_ARC = YES;
				CLANG_WARN_BOOL_CONVERSION = YES;
				CLANG_WARN_CONSTANT_CONVERSION = YES;
				CLANG_WARN_DIRECT_OBJC_ISA_USAGE = YES_ERROR;
				CLANG_WARN_EMPTY_BODY = YES;
				CLANG_WARN_ENUM_CONVERSION = YES;
				CLANG_WARN_INT_CONVERSION = YES;
				CLANG_WARN_OBJC_ROOT_CLASS = YES_ERROR;
				CLANG_WARN_UNREACHABLE_CODE = YES;
				CLANG_WARN__DUPLICATE_METHOD_MATCH = YES;
				"CODE_SIGN_IDENTITY[sdk=iphoneos*]" = "iPhone Developer";
				COPY_PHASE_STRIP = NO;
				DEBUG_INFORMATION_FORMAT = "dwarf-with-dsym";
				ENABLE_NS_ASSERTIONS = NO;
				ENABLE_STRICT_OBJC_MSGSEND = YES;
				GCC_C_LANGUAGE_STANDARD = gnu99;
				GCC_NO_COMMON_BLOCKS = YES;
				GCC_WARN_64_TO_32_BIT_CONVERSION = YES;
				GCC_WARN_ABOUT_RETURN_TYPE = YES_ERROR;
				GCC_WARN_UNDECLARED_SELECTOR = YES;
				GCC_WARN_UNINITIALIZED_AUTOS = YES_AGGRESSIVE;
				GCC_WARN_UNUSED_FUNCTION = YES;
				GCC_WARN_UNUSED_VARIABLE = YES;
				IPHONEOS_DEPLOYMENT_TARGET = 9.3;
				MTL_ENABLE_DEBUG_INFO = NO;
				SDKROOT = iphoneos;
				TARGETED_DEVICE_FAMILY = "1,2";
				VALIDATE_PRODUCT = YES;
			};
			name = Release;
		};
		2C6181F51D28478A00F64B70 /* Debug */ = {
			isa = XCBuildConfiguration;
			buildSettings = {
				ASSETCATALOG_COMPILER_APPICON_NAME = AppIcon;
				INFOPLIST_FILE = FaceIt/Info.plist;
				LD_RUNPATH_SEARCH_PATHS = "$(inherited) @executable_path/Frameworks";
				PRODUCT_BUNDLE_IDENTIFIER = itc.FaceIt;
				PRODUCT_NAME = "$(TARGET_NAME)";
				SWIFT_VERSION = 2.3;
			};
			name = Debug;
		};
		2C6181F61D28478A00F64B70 /* Release */ = {
			isa = XCBuildConfiguration;
			buildSettings = {
				ASSETCATALOG_COMPILER_APPICON_NAME = AppIcon;
				INFOPLIST_FILE = FaceIt/Info.plist;
				LD_RUNPATH_SEARCH_PATHS = "$(inherited) @executable_path/Frameworks";
				PRODUCT_BUNDLE_IDENTIFIER = itc.FaceIt;
				PRODUCT_NAME = "$(TARGET_NAME)";
				SWIFT_VERSION = 2.3;
			};
			name = Release;
		};
/* End XCBuildConfiguration section */

/* Begin XCConfigurationList section */
		2C6181DD1D28478900F64B70 /* Build configuration list for PBXProject "FaceIt" */ = {
			isa = XCConfigurationList;
			buildConfigurations = (
				2C6181F21D28478A00F64B70 /* Debug */,
				2C6181F31D28478A00F64B70 /* Release */,
			);
			defaultConfigurationIsVisible = 0;
			defaultConfigurationName = Release;
		};
		2C6181F41D28478A00F64B70 /* Build configuration list for PBXNativeTarget "FaceIt" */ = {
			isa = XCConfigurationList;
			buildConfigurations = (
				2C6181F51D28478A00F64B70 /* Debug */,
				2C6181F61D28478A00F64B70 /* Release */,
			);
			defaultConfigurationIsVisible = 0;
			defaultConfigurationName = Release;
		};
/* End XCConfigurationList section */
	};
	rootObject = 2C6181DA1D28478900F64B70 /* Project object */;
}
